
Microsoft Visual Studio Solution File, Format Version 12.00
# Visual Studio Version 16
VisualStudioVersion = 16.0.30804.86
MinimumVisualStudioVersion = 10.0.40219.1
Project("{FAE04EC0-301F-11D3-BF4B-00C04F79EFBC}") = "test", "test\test.csproj", "{1810D453-E4E7-487C-90FC-F076D6BD2E4F}"
EndProject
Global
	GlobalSection(SolutionConfigurationPlatforms) = preSolution
		Debug|Any CPU = Debug|Any CPU
		Release|Any CPU = Release|Any CPU
	EndGlobalSection
	GlobalSection(ProjectConfigurationPlatforms) = postSolution
		{1810D453-E4E7-487C-90FC-F076D6BD2E4F}.Debug|Any CPU.ActiveCfg = Debug|Any CPU
		{1810D453-E4E7-487C-90FC-F076D6BD2E4F}.Debug|Any CPU.Build.0 = Debug|Any CPU
		{1810D453-E4E7-487C-90FC-F076D6BD2E4F}.Release|Any CPU.ActiveCfg = Release|Any CPU
		{1810D453-E4E7-487C-90FC-F076D6BD2E4F}.Release|Any CPU.Build.0 = Release|Any CPU
	EndGlobalSection
	GlobalSection(SolutionProperties) = preSolution
		HideSolutionNode = FALSE
	EndGlobalSection
	GlobalSection(ExtensibilityGlobals) = postSolution
		SolutionGuid = {F56C4499-6D9A-422C-AA89-EF0B4B41011B}
	EndGlobalSection
EndGlobal
